// !$*UTF8*$!
{
	archiveVersion = 1;
	classes = {
	};
	objectVersion = 46;
	objects = {

/* Begin PBXBuildFile section */
		4B2B58E91E7C42DA00569D5E /* libGLEW.2.0.0.dylib in Frameworks */ = {isa = PBXBuildFile; fileRef = 4B2B58E81E7C42DA00569D5E /* libGLEW.2.0.0.dylib */; };
		4B2B58EB1E7C460A00569D5E /* libglfw.dylib in Frameworks */ = {isa = PBXBuildFile; fileRef = 4B2B58EA1E7C460A00569D5E /* libglfw.dylib */; };
		4B2B58ED1E7C461100569D5E /* OpenGL.framework in Frameworks */ = {isa = PBXBuildFile; fileRef = 4B2B58EC1E7C461100569D5E /* OpenGL.framework */; };
		4B2B58F41E7C577500569D5E /* ShaderFactory.cpp in Sources */ = {isa = PBXBuildFile; fileRef = 4B2B58F21E7C577500569D5E /* ShaderFactory.cpp */; };
		4B6A84931E7C41A8006412FE /* main.cpp in Sources */ = {isa = PBXBuildFile; fileRef = 4B6A84921E7C41A8006412FE /* main.cpp */; };
/* End PBXBuildFile section */

/* Begin PBXCopyFilesBuildPhase section */
		4B6A848D1E7C41A8006412FE /* CopyFiles */ = {
			isa = PBXCopyFilesBuildPhase;
			buildActionMask = 2147483647;
			dstPath = /usr/share/man/man1/;
			dstSubfolderSpec = 0;
			files = (
			);
			runOnlyForDeploymentPostprocessing = 1;
		};
/* End PBXCopyFilesBuildPhase section */

/* Begin PBXFileReference section */
		4B2B58E61E7C422A00569D5E /* OpenGL */ = {isa = PBXFileReference; lastKnownFileType = folder; name = OpenGL; path = ../../OpenGL; sourceTree = "<group>"; };
		4B2B58E81E7C42DA00569D5E /* libGLEW.2.0.0.dylib */ = {isa = PBXFileReference; lastKnownFileType = "compiled.mach-o.dylib"; name = libGLEW.2.0.0.dylib; path = ../../../../../usr/local/lib/libGLEW.2.0.0.dylib; sourceTree = "<group>"; };
		4B2B58EA1E7C460A00569D5E /* libglfw.dylib */ = {isa = PBXFileReference; lastKnownFileType = "compiled.mach-o.dylib"; name = libglfw.dylib; path = ../../../../../usr/local/lib/libglfw.dylib; sourceTree = "<group>"; };
		4B2B58EC1E7C461100569D5E /* OpenGL.framework */ = {isa = PBXFileReference; lastKnownFileType = wrapper.framework; name = OpenGL.framework; path = System/Library/Frameworks/OpenGL.framework; sourceTree = SDKROOT; };
		4B2B58F21E7C577500569D5E /* ShaderFactory.cpp */ = {isa = PBXFileReference; fileEncoding = 4; lastKnownFileType = sourcecode.cpp.cpp; path = ShaderFactory.cpp; sourceTree = "<group>"; };
		4B2B58F31E7C577500569D5E /* ShaderFactory.h */ = {isa = PBXFileReference; fileEncoding = 4; lastKnownFileType = sourcecode.c.h; path = ShaderFactory.h; sourceTree = "<group>"; };
		4B6A848F1E7C41A8006412FE /* OpenGL */ = {isa = PBXFileReference; explicitFileType = "compiled.mach-o.executable"; includeInIndex = 0; path = OpenGL; sourceTree = BUILT_PRODUCTS_DIR; };
		4B6A84921E7C41A8006412FE /* main.cpp */ = {isa = PBXFileReference; lastKnownFileType = sourcecode.cpp.cpp; path = main.cpp; sourceTree = "<group>"; };
/* End PBXFileReference section */

/* Begin PBXFrameworksBuildPhase section */
		4B6A848C1E7C41A8006412FE /* Frameworks */ = {
			isa = PBXFrameworksBuildPhase;
			buildActionMask = 2147483647;
			files = (
				4B2B58ED1E7C461100569D5E /* OpenGL.framework in Frameworks */,
				4B2B58EB1E7C460A00569D5E /* libglfw.dylib in Frameworks */,
				4B2B58E91E7C42DA00569D5E /* libGLEW.2.0.0.dylib in Frameworks */,
			);
			runOnlyForDeploymentPostprocessing = 0;
		};
/* End PBXFrameworksBuildPhase section */

/* Begin PBXGroup section */
		4B2B58E51E7C422A00569D5E /* Frameworks */ = {
			isa = PBXGroup;
			children = (
				4B2B58EC1E7C461100569D5E /* OpenGL.framework */,
				4B2B58EA1E7C460A00569D5E /* libglfw.dylib */,
				4B2B58E81E7C42DA00569D5E /* libGLEW.2.0.0.dylib */,
				4B2B58E61E7C422A00569D5E /* OpenGL */,
			);
			name = Frameworks;
			sourceTree = "<group>";
		};
		4B6A84861E7C41A8006412FE = {
			isa = PBXGroup;
			children = (
				4B6A84911E7C41A8006412FE /* OpenGL */,
				4B6A84901E7C41A8006412FE /* Products */,
				4B2B58E51E7C422A00569D5E /* Frameworks */,
			);
			sourceTree = "<group>";
		};
		4B6A84901E7C41A8006412FE /* Products */ = {
			isa = PBXGroup;
			children = (
				4B6A848F1E7C41A8006412FE /* OpenGL */,
			);
			name = Products;
			sourceTree = "<group>";
		};
		4B6A84911E7C41A8006412FE /* OpenGL */ = {
			isa = PBXGroup;
			children = (
				4B6A84921E7C41A8006412FE /* main.cpp */,
				4B2B58F21E7C577500569D5E /* ShaderFactory.cpp */,
				4B2B58F31E7C577500569D5E /* ShaderFactory.h */,
			);
			path = OpenGL;
			sourceTree = "<group>";
		};
/* End PBXGroup section */

/* Begin PBXNativeTarget section */
		4B6A848E1E7C41A8006412FE /* OpenGL */ = {
			isa = PBXNativeTarget;
			buildConfigurationList = 4B6A84961E7C41A8006412FE /* Build configuration list for PBXNativeTarget "OpenGL" */;
			buildPhases = (
				4B6A848B1E7C41A8006412FE /* Sources */,
				4B6A848C1E7C41A8006412FE /* Frameworks */,
				4B6A848D1E7C41A8006412FE /* CopyFiles */,
			);
			buildRules = (
			);
			dependencies = (
			);
			name = OpenGL;
			productName = OpenGL;
			productReference = 4B6A848F1E7C41A8006412FE /* OpenGL */;
			productType = "com.apple.product-type.tool";
		};
/* End PBXNativeTarget section */

/* Begin PBXProject section */
		4B6A84871E7C41A8006412FE /* Project object */ = {
			isa = PBXProject;
			attributes = {
				LastUpgradeCheck = 0820;
				ORGANIZATIONNAME = ddk;
				TargetAttributes = {
					4B6A848E1E7C41A8006412FE = {
						CreatedOnToolsVersion = 8.2.1;
						DevelopmentTeam = 5TZ49MQZKJ;
						ProvisioningStyle = Automatic;
					};
				};
			};
			buildConfigurationList = 4B6A848A1E7C41A8006412FE /* Build configuration list for PBXProject "OpenGL" */;
			compatibilityVersion = "Xcode 3.2";
			developmentRegion = English;
			hasScannedForEncodings = 0;
			knownRegions = (
				en,
			);
			mainGroup = 4B6A84861E7C41A8006412FE;
			productRefGroup = 4B6A84901E7C41A8006412FE /* Products */;
			projectDirPath = "";
			projectRoot = "";
			targets = (
				4B6A848E1E7C41A8006412FE /* OpenGL */,
			);
		};
/* End PBXProject section */

/* Begin PBXSourcesBuildPhase section */
		4B6A848B1E7C41A8006412FE /* Sources */ = {
			isa = PBXSourcesBuildPhase;
			buildActionMask = 2147483647;
			files = (
				4B2B58F41E7C577500569D5E /* ShaderFactory.cpp in Sources */,
				4B6A84931E7C41A8006412FE /* main.cpp in Sources */,
			);
			runOnlyForDeploymentPostprocessing = 0;
		};
/* End PBXSourcesBuildPhase section */

/* Begin XCBuildConfiguration section */
		4B6A84941E7C41A8006412FE /* Debug */ = {
			isa = XCBuildConfiguration;
			buildSettings = {
				ALWAYS_SEARCH_USER_PATHS = NO;
				CLANG_ANALYZER_NONNULL = YES;
				CLANG_CXX_LANGUAGE_STANDARD = "gnu++0x";
				CLANG_CXX_LIBRARY = "libc++";
				CLANG_ENABLE_MODULES = YES;
				CLANG_ENABLE_OBJC_ARC = YES;
				CLANG_WARN_BOOL_CONVERSION = YES;
				CLANG_WARN_CONSTANT_CONVERSION = YES;
				CLANG_WARN_DIRECT_OBJC_ISA_USAGE = YES_ERROR;
				CLANG_WARN_DOCUMENTATION_COMMENTS = YES;
				CLANG_WARN_EMPTY_BODY = YES;
				CLANG_WARN_ENUM_CONVERSION = YES;
				CLANG_WARN_INFINITE_RECURSION = YES;
				CLANG_WARN_INT_CONVERSION = YES;
				CLANG_WARN_OBJC_ROOT_CLASS = YES_ERROR;
				CLANG_WARN_SUSPICIOUS_MOVE = YES;
				CLANG_WARN_UNREACHABLE_CODE = YES;
				CLANG_WARN__DUPLICATE_METHOD_MATCH = YES;
				CODE_SIGN_IDENTITY = "-";
				COPY_PHASE_STRIP = NO;
				DEBUG_INFORMATION_FORMAT = dwarf;
				ENABLE_STRICT_OBJC_MSGSEND = YES;
				ENABLE_TESTABILITY = YES;
				GCC_C_LANGUAGE_STANDARD = gnu99;
				GCC_DYNAMIC_NO_PIC = NO;
				GCC_NO_COMMON_BLOCKS = YES;
				GCC_OPTIMIZATION_LEVEL = 0;
				GCC_PREPROCESSOR_DEFINITIONS = (
					"DEBUG=1",
					"$(inherited)",
				);
				GCC_WARN_64_TO_32_BIT_CONVERSION = YES;
				GCC_WARN_ABOUT_RETURN_TYPE = YES_ERROR;
				GCC_WARN_UNDECLARED_SELECTOR = YES;
				GCC_WARN_UNINITIALIZED_AUTOS = YES_AGGRESSIVE;
				GCC_WARN_UNUSED_FUNCTION = YES;
				GCC_WARN_UNUSED_VARIABLE = YES;
				MACOSX_DEPLOYMENT_TARGET = 10.12;
				MTL_ENABLE_DEBUG_INFO = YES;
				ONLY_ACTIVE_ARCH = YES;
				SDKROOT = macosx;
			};
			name = Debug;
		};
		4B6A84951E7C41A8006412FE /* Release */ = {
			isa = XCBuildConfiguration;
			buildSettings = {
				ALWAYS_SEARCH_USER_PATHS = NO;
				CLANG_ANALYZER_NONNULL = YES;
				CLANG_CXX_LANGUAGE_STANDARD = "gnu++0x";
				CLANG_CXX_LIBRARY = "libc++";
				CLANG_ENABLE_MODULES = YES;
				CLANG_ENABLE_OBJC_ARC = YES;
				CLANG_WARN_BOOL_CONVERSION = YES;
				CLANG_WARN_CONSTANT_CONVERSION = YES;
				CLANG_WARN_DIRECT_OBJC_ISA_USAGE = YES_ERROR;
				CLANG_WARN_DOCUMENTATION_COMMENTS = YES;
				CLANG_WARN_EMPTY_BODY = YES;
				CLANG_WARN_ENUM_CONVERSION = YES;
				CLANG_WARN_INFINITE_RECURSION = YES;
				CLANG_WARN_INT_CONVERSION = YES;
				CLANG_WARN_OBJC_ROOT_CLASS = YES_ERROR;
				CLANG_WARN_SUSPICIOUS_MOVE = YES;
				CLANG_WARN_UNREACHABLE_CODE = YES;
				CLANG_WARN__DUPLICATE_METHOD_MATCH = YES;
				CODE_SIGN_IDENTITY = "-";
				COPY_PHASE_STRIP = NO;
				DEBUG_INFORMATION_FORMAT = "dwarf-with-dsym";
				ENABLE_NS_ASSERTIONS = NO;
				ENABLE_STRICT_OBJC_MSGSEND = YES;
				GCC_C_LANGUAGE_STANDARD = gnu99;
				GCC_NO_COMMON_BLOCKS = YES;
				GCC_WARN_64_TO_32_BIT_CONVERSION = YES;
				GCC_WARN_ABOUT_RETURN_TYPE = YES_ERROR;
				GCC_WARN_UNDECLARED_SELECTOR = YES;
				GCC_WARN_UNINITIALIZED_AUTOS = YES_AGGRESSIVE;
				GCC_WARN_UNUSED_FUNCTION = YES;
				GCC_WARN_UNUSED_VARIABLE = YES;
				MACOSX_DEPLOYMENT_TARGET = 10.12;
				MTL_ENABLE_DEBUG_INFO = NO;
				SDKROOT = macosx;
			};
			name = Release;
		};
		4B6A84971E7C41A8006412FE /* Debug */ = {
			isa = XCBuildConfiguration;
			buildSettings = {
				DEVELOPMENT_TEAM = 5TZ49MQZKJ;
				HEADER_SEARCH_PATHS = (
					/usr/local/include,
					/opt/local/include,
				);
				LIBRARY_SEARCH_PATHS = (
					/opt/local/lib,
					/usr/local/lib,
				);
				OTHER_LDFLAGS = "";
				PRODUCT_NAME = "$(TARGET_NAME)";
			};
			name = Debug;
		};
		4B6A84981E7C41A8006412FE /* Release */ = {
			isa = XCBuildConfiguration;
			buildSettings = {
				DEVELOPMENT_TEAM = 5TZ49MQZKJ;
				HEADER_SEARCH_PATHS = (
					/usr/local/include,
					/opt/local/include,
				);
				LIBRARY_SEARCH_PATHS = (
					/opt/local/lib,
					/usr/local/lib,
				);
				OTHER_LDFLAGS = "";
				PRODUCT_NAME = "$(TARGET_NAME)";
			};
			name = Release;
		};
/* End XCBuildConfiguration section */

/* Begin XCConfigurationList section */
		4B6A848A1E7C41A8006412FE /* Build configuration list for PBXProject "OpenGL" */ = {
			isa = XCConfigurationList;
			buildConfigurations = (
				4B6A84941E7C41A8006412FE /* Debug */,
				4B6A84951E7C41A8006412FE /* Release */,
			);
			defaultConfigurationIsVisible = 0;
			defaultConfigurationName = Release;
		};
		4B6A84961E7C41A8006412FE /* Build configuration list for PBXNativeTarget "OpenGL" */ = {
			isa = XCConfigurationList;
			buildConfigurations = (
				4B6A84971E7C41A8006412FE /* Debug */,
				4B6A84981E7C41A8006412FE /* Release */,
			);
			defaultConfigurationIsVisible = 0;
			defaultConfigurationName = Release;
		};
/* End XCConfigurationList section */
	};
	rootObject = 4B6A84871E7C41A8006412FE /* Project object */;
}
